
Microsoft Visual Studio Solution File, Format Version 12.00
# Visual Studio Version 17
VisualStudioVersion = 17.9.34723.18
MinimumVisualStudioVersion = 10.0.40219.1
Project("{FAE04EC0-301F-11D3-BF4B-00C04F79EFBC}") = "Shortly.Client", "Shortly.Client\Shortly.Client.csproj", "{AFABD610-69D3-4391-AFA4-779EF14E9577}"
EndProject
Project("{FAE04EC0-301F-11D3-BF4B-00C04F79EFBC}") = "Shortly.Redirect", "Shortly.Redirect\Shortly.Redirect.csproj", "{56B4B56D-FD9A-4A43-A83F-D5A03ABBA047}"
EndProject
Project("{FAE04EC0-301F-11D3-BF4B-00C04F79EFBC}") = "Shortly.Data", "Shortly.Data\Shortly.Data.csproj", "{34346719-043B-40CF-82C8-0027738CF80A}"
EndProject
Global
	GlobalSection(SolutionConfigurationPlatforms) = preSolution
		Debug|Any CPU = Debug|Any CPU
		Release|Any CPU = Release|Any CPU
	EndGlobalSection
	GlobalSection(ProjectConfigurationPlatforms) = postSolution
		{AFABD610-69D3-4391-AFA4-779EF14E9577}.Debug|Any CPU.ActiveCfg = Debug|Any CPU
		{AFABD610-69D3-4391-AFA4-779EF14E9577}.Debug|Any CPU.Build.0 = Debug|Any CPU
		{AFABD610-69D3-4391-AFA4-779EF14E9577}.Release|Any CPU.ActiveCfg = Release|Any CPU
		{AFABD610-69D3-4391-AFA4-779EF14E9577}.Release|Any CPU.Build.0 = Release|Any CPU
		{56B4B56D-FD9A-4A43-A83F-D5A03ABBA047}.Debug|Any CPU.ActiveCfg = Debug|Any CPU
		{56B4B56D-FD9A-4A43-A83F-D5A03ABBA047}.Debug|Any CPU.Build.0 = Debug|Any CPU
		{56B4B56D-FD9A-4A43-A83F-D5A03ABBA047}.Release|Any CPU.ActiveCfg = Release|Any CPU
		{56B4B56D-FD9A-4A43-A83F-D5A03ABBA047}.Release|Any CPU.Build.0 = Release|Any CPU
		{34346719-043B-40CF-82C8-0027738CF80A}.Debug|Any CPU.ActiveCfg = Debug|Any CPU
		{34346719-043B-40CF-82C8-0027738CF80A}.Debug|Any CPU.Build.0 = Debug|Any CPU
		{34346719-043B-40CF-82C8-0027738CF80A}.Release|Any CPU.ActiveCfg = Release|Any CPU
		{34346719-043B-40CF-82C8-0027738CF80A}.Release|Any CPU.Build.0 = Release|Any CPU
	EndGlobalSection
	GlobalSection(SolutionProperties) = preSolution
		HideSolutionNode = FALSE
	EndGlobalSection
	GlobalSection(ExtensibilityGlobals) = postSolution
		SolutionGuid = {5CB3D589-A46B-469E-8112-45D9167C5F6F}
	EndGlobalSection
EndGlobal
